
Microsoft Visual Studio Solution File, Format Version 12.00
# Visual Studio 14
VisualStudioVersion = 14.0.25123.0
MinimumVisualStudioVersion = 10.0.40219.1
Project("{FAE04EC0-301F-11D3-BF4B-00C04F79EFBC}") = "BotUI", "BotUI\BotUI.csproj", "{BF155E55-C8FB-4FDA-8BE3-ABE8D4D7D86E}"
EndProject
Project("{FAE04EC0-301F-11D3-BF4B-00C04F79EFBC}") = "TelegramRobot", "TelegramRobot\TelegramRobot.csproj", "{F662CB46-ECFD-47B6-9B32-15A476416ED6}"
EndProject
Project("{FAE04EC0-301F-11D3-BF4B-00C04F79EFBC}") = "BotApi", "BotApi\BotApi.csproj", "{62CBFD4D-9DB4-4D22-A830-DA523FA0D1F6}"
EndProject
Global
	GlobalSection(SolutionConfigurationPlatforms) = preSolution
		Debug|Any CPU = Debug|Any CPU
		Release|Any CPU = Release|Any CPU
	EndGlobalSection
	GlobalSection(ProjectConfigurationPlatforms) = postSolution
		{BF155E55-C8FB-4FDA-8BE3-ABE8D4D7D86E}.Debug|Any CPU.ActiveCfg = Debug|Any CPU
		{BF155E55-C8FB-4FDA-8BE3-ABE8D4D7D86E}.Debug|Any CPU.Build.0 = Debug|Any CPU
		{BF155E55-C8FB-4FDA-8BE3-ABE8D4D7D86E}.Release|Any CPU.ActiveCfg = Release|Any CPU
		{BF155E55-C8FB-4FDA-8BE3-ABE8D4D7D86E}.Release|Any CPU.Build.0 = Release|Any CPU
		{F662CB46-ECFD-47B6-9B32-15A476416ED6}.Debug|Any CPU.ActiveCfg = Debug|Any CPU
		{F662CB46-ECFD-47B6-9B32-15A476416ED6}.Debug|Any CPU.Build.0 = Debug|Any CPU
		{F662CB46-ECFD-47B6-9B32-15A476416ED6}.Release|Any CPU.ActiveCfg = Release|Any CPU
		{F662CB46-ECFD-47B6-9B32-15A476416ED6}.Release|Any CPU.Build.0 = Release|Any CPU
		{62CBFD4D-9DB4-4D22-A830-DA523FA0D1F6}.Debug|Any CPU.ActiveCfg = Debug|Any CPU
		{62CBFD4D-9DB4-4D22-A830-DA523FA0D1F6}.Debug|Any CPU.Build.0 = Debug|Any CPU
		{62CBFD4D-9DB4-4D22-A830-DA523FA0D1F6}.Release|Any CPU.ActiveCfg = Release|Any CPU
		{62CBFD4D-9DB4-4D22-A830-DA523FA0D1F6}.Release|Any CPU.Build.0 = Release|Any CPU
	EndGlobalSection
	GlobalSection(SolutionProperties) = preSolution
		HideSolutionNode = FALSE
	EndGlobalSection
EndGlobal
